
Microsoft Visual Studio Solution File, Format Version 12.00
# Visual Studio 15
VisualStudioVersion = 15.0.28307.779
MinimumVisualStudioVersion = 10.0.40219.1
Project("{FAE04EC0-301F-11D3-BF4B-00C04F79EFBC}") = "Match3ConsoleTest", "Match3ConsoleTest\Match3ConsoleTest.csproj", "{9790CC18-99AD-4E43-B15E-D84972F05EE4}"
EndProject
Global
	GlobalSection(SolutionConfigurationPlatforms) = preSolution
		Debug|Any CPU = Debug|Any CPU
		Release|Any CPU = Release|Any CPU
	EndGlobalSection
	GlobalSection(ProjectConfigurationPlatforms) = postSolution
		{9790CC18-99AD-4E43-B15E-D84972F05EE4}.Debug|Any CPU.ActiveCfg = Debug|Any CPU
		{9790CC18-99AD-4E43-B15E-D84972F05EE4}.Debug|Any CPU.Build.0 = Debug|Any CPU
		{9790CC18-99AD-4E43-B15E-D84972F05EE4}.Release|Any CPU.ActiveCfg = Release|Any CPU
		{9790CC18-99AD-4E43-B15E-D84972F05EE4}.Release|Any CPU.Build.0 = Release|Any CPU
	EndGlobalSection
	GlobalSection(SolutionProperties) = preSolution
		HideSolutionNode = FALSE
	EndGlobalSection
	GlobalSection(ExtensibilityGlobals) = postSolution
		SolutionGuid = {91CB4716-225E-4D73-93C0-14CFB074E109}
	EndGlobalSection
EndGlobal
